
Microsoft Visual Studio Solution File, Format Version 12.00
# Visual Studio Version 17
VisualStudioVersion = 17.5.33516.290
MinimumVisualStudioVersion = 10.0.40219.1
Project("{FAE04EC0-301F-11D3-BF4B-00C04F79EFBC}") = "cobapianarpan", "cobapianarpan\cobapianarpan.csproj", "{45F6325A-B6A4-49DF-B10A-1CD9AB09530C}"
EndProject
Global
	GlobalSection(SolutionConfigurationPlatforms) = preSolution
		Debug|Any CPU = Debug|Any CPU
		Release|Any CPU = Release|Any CPU
	EndGlobalSection
	GlobalSection(ProjectConfigurationPlatforms) = postSolution
		{45F6325A-B6A4-49DF-B10A-1CD9AB09530C}.Debug|Any CPU.ActiveCfg = Debug|Any CPU
		{45F6325A-B6A4-49DF-B10A-1CD9AB09530C}.Debug|Any CPU.Build.0 = Debug|Any CPU
		{45F6325A-B6A4-49DF-B10A-1CD9AB09530C}.Release|Any CPU.ActiveCfg = Release|Any CPU
		{45F6325A-B6A4-49DF-B10A-1CD9AB09530C}.Release|Any CPU.Build.0 = Release|Any CPU
	EndGlobalSection
	GlobalSection(SolutionProperties) = preSolution
		HideSolutionNode = FALSE
	EndGlobalSection
	GlobalSection(ExtensibilityGlobals) = postSolution
		SolutionGuid = {4D556E18-37FE-49D3-97CD-C19CDCC9F6D8}
	EndGlobalSection
EndGlobal
